
Microsoft Visual Studio Solution File, Format Version 12.00
# Visual Studio 15
VisualStudioVersion = 15.0.27004.2005
MinimumVisualStudioVersion = 10.0.40219.1
Project("{FAE04EC0-301F-11D3-BF4B-00C04F79EFBC}") = "S00162685Rad2017Mvc1", "S00162685Rad2017Mvc1\S00162685Rad2017Mvc1.csproj", "{E64D96D9-7A41-453F-9154-E406D2A9848E}"
EndProject
Global
	GlobalSection(SolutionConfigurationPlatforms) = preSolution
		Debug|Any CPU = Debug|Any CPU
		Release|Any CPU = Release|Any CPU
	EndGlobalSection
	GlobalSection(ProjectConfigurationPlatforms) = postSolution
		{E64D96D9-7A41-453F-9154-E406D2A9848E}.Debug|Any CPU.ActiveCfg = Debug|Any CPU
		{E64D96D9-7A41-453F-9154-E406D2A9848E}.Debug|Any CPU.Build.0 = Debug|Any CPU
		{E64D96D9-7A41-453F-9154-E406D2A9848E}.Release|Any CPU.ActiveCfg = Release|Any CPU
		{E64D96D9-7A41-453F-9154-E406D2A9848E}.Release|Any CPU.Build.0 = Release|Any CPU
	EndGlobalSection
	GlobalSection(SolutionProperties) = preSolution
		HideSolutionNode = FALSE
	EndGlobalSection
	GlobalSection(ExtensibilityGlobals) = postSolution
		SolutionGuid = {E4F9F53B-9169-4784-B9F9-AA00A9B4D627}
	EndGlobalSection
EndGlobal
